
Microsoft Visual Studio Solution File, Format Version 12.00
# Visual Studio Version 17
VisualStudioVersion = 17.7.34031.279
MinimumVisualStudioVersion = 10.0.40219.1
Project("{FAE04EC0-301F-11D3-BF4B-00C04F79EFBC}") = "MovieAPI", "MovieAPI\MovieAPI.csproj", "{2A162A64-6A92-4431-8F67-F5A5643C29E4}"
EndProject
Global
	GlobalSection(SolutionConfigurationPlatforms) = preSolution
		Debug|Any CPU = Debug|Any CPU
		Release|Any CPU = Release|Any CPU
	EndGlobalSection
	GlobalSection(ProjectConfigurationPlatforms) = postSolution
		{2A162A64-6A92-4431-8F67-F5A5643C29E4}.Debug|Any CPU.ActiveCfg = Debug|Any CPU
		{2A162A64-6A92-4431-8F67-F5A5643C29E4}.Debug|Any CPU.Build.0 = Debug|Any CPU
		{2A162A64-6A92-4431-8F67-F5A5643C29E4}.Release|Any CPU.ActiveCfg = Release|Any CPU
		{2A162A64-6A92-4431-8F67-F5A5643C29E4}.Release|Any CPU.Build.0 = Release|Any CPU
	EndGlobalSection
	GlobalSection(SolutionProperties) = preSolution
		HideSolutionNode = FALSE
	EndGlobalSection
	GlobalSection(ExtensibilityGlobals) = postSolution
		SolutionGuid = {7108A955-015E-4036-9CA9-A249B92C456E}
	EndGlobalSection
EndGlobal
